// !$*UTF8*$!
{
	archiveVersion = 1;
	classes = {
	};
	objectVersion = 51;
	objects = {

/* Begin PBXBuildFile section */
		33496248244C030700DF859B /* MovieDetailsViewController.swift in Sources */ = {isa = PBXBuildFile; fileRef = 33496247244C030700DF859B /* MovieDetailsViewController.swift */; };
		3349624A244C0B2600DF859B /* MovieGridViewController.swift in Sources */ = {isa = PBXBuildFile; fileRef = 33496249244C0B2600DF859B /* MovieGridViewController.swift */; };
		3349624C244C0F3000DF859B /* MovieGridCell.swift in Sources */ = {isa = PBXBuildFile; fileRef = 3349624B244C0F3000DF859B /* MovieGridCell.swift */; };
		338672952447CBC400330302 /* AppDelegate.swift in Sources */ = {isa = PBXBuildFile; fileRef = 338672942447CBC400330302 /* AppDelegate.swift */; };
		338672972447CBC400330302 /* SceneDelegate.swift in Sources */ = {isa = PBXBuildFile; fileRef = 338672962447CBC400330302 /* SceneDelegate.swift */; };
		3386729C2447CBC400330302 /* Main.storyboard in Resources */ = {isa = PBXBuildFile; fileRef = 3386729A2447CBC400330302 /* Main.storyboard */; };
		3386729E2447CBC900330302 /* Assets.xcassets in Resources */ = {isa = PBXBuildFile; fileRef = 3386729D2447CBC900330302 /* Assets.xcassets */; };
		338672A12447CBC900330302 /* LaunchScreen.storyboard in Resources */ = {isa = PBXBuildFile; fileRef = 3386729F2447CBC900330302 /* LaunchScreen.storyboard */; };
		338672A92447CBFE00330302 /* MovieViewController.swift in Sources */ = {isa = PBXBuildFile; fileRef = 338672A82447CBFE00330302 /* MovieViewController.swift */; };
		338672AB2447CFD700330302 /* MovieCell.swift in Sources */ = {isa = PBXBuildFile; fileRef = 338672AA2447CFD700330302 /* MovieCell.swift */; };
		4E6888DFD92C43F02996B940 /* Pods_flixster.framework in Frameworks */ = {isa = PBXBuildFile; fileRef = 946E51A010B42AC939BBB4B3 /* Pods_flixster.framework */; };
/* End PBXBuildFile section */

/* Begin PBXFileReference section */
		33496247244C030700DF859B /* MovieDetailsViewController.swift */ = {isa = PBXFileReference; lastKnownFileType = sourcecode.swift; path = MovieDetailsViewController.swift; sourceTree = "<group>"; };
		33496249244C0B2600DF859B /* MovieGridViewController.swift */ = {isa = PBXFileReference; lastKnownFileType = sourcecode.swift; path = MovieGridViewController.swift; sourceTree = "<group>"; };
		3349624B244C0F3000DF859B /* MovieGridCell.swift */ = {isa = PBXFileReference; lastKnownFileType = sourcecode.swift; path = MovieGridCell.swift; sourceTree = "<group>"; };
		338672912447CBC400330302 /* flixster.app */ = {isa = PBXFileReference; explicitFileType = wrapper.application; includeInIndex = 0; path = flixster.app; sourceTree = BUILT_PRODUCTS_DIR; };
		338672942447CBC400330302 /* AppDelegate.swift */ = {isa = PBXFileReference; lastKnownFileType = sourcecode.swift; path = AppDelegate.swift; sourceTree = "<group>"; };
		338672962447CBC400330302 /* SceneDelegate.swift */ = {isa = PBXFileReference; lastKnownFileType = sourcecode.swift; path = SceneDelegate.swift; sourceTree = "<group>"; };
		3386729B2447CBC400330302 /* Base */ = {isa = PBXFileReference; lastKnownFileType = file.storyboard; name = Base; path = Base.lproj/Main.storyboard; sourceTree = "<group>"; };
		3386729D2447CBC900330302 /* Assets.xcassets */ = {isa = PBXFileReference; lastKnownFileType = folder.assetcatalog; path = Assets.xcassets; sourceTree = "<group>"; };
		338672A02447CBC900330302 /* Base */ = {isa = PBXFileReference; lastKnownFileType = file.storyboard; name = Base; path = Base.lproj/LaunchScreen.storyboard; sourceTree = "<group>"; };
		338672A22447CBC900330302 /* Info.plist */ = {isa = PBXFileReference; lastKnownFileType = text.plist.xml; path = Info.plist; sourceTree = "<group>"; };
		338672A82447CBFE00330302 /* MovieViewController.swift */ = {isa = PBXFileReference; lastKnownFileType = sourcecode.swift; path = MovieViewController.swift; sourceTree = "<group>"; };
		338672AA2447CFD700330302 /* MovieCell.swift */ = {isa = PBXFileReference; lastKnownFileType = sourcecode.swift; path = MovieCell.swift; sourceTree = "<group>"; };
		946E51A010B42AC939BBB4B3 /* Pods_flixster.framework */ = {isa = PBXFileReference; explicitFileType = wrapper.framework; includeInIndex = 0; path = Pods_flixster.framework; sourceTree = BUILT_PRODUCTS_DIR; };
		D176CB23399B5E2ADCDBCBB3 /* Pods-flixster.debug.xcconfig */ = {isa = PBXFileReference; includeInIndex = 1; lastKnownFileType = text.xcconfig; name = "Pods-flixster.debug.xcconfig"; path = "Target Support Files/Pods-flixster/Pods-flixster.debug.xcconfig"; sourceTree = "<group>"; };
		DEF83560718590AEB5095F2E /* Pods-flixster.release.xcconfig */ = {isa = PBXFileReference; includeInIndex = 1; lastKnownFileType = text.xcconfig; name = "Pods-flixster.release.xcconfig"; path = "Target Support Files/Pods-flixster/Pods-flixster.release.xcconfig"; sourceTree = "<group>"; };
/* End PBXFileReference section */

/* Begin PBXFrameworksBuildPhase section */
		3386728E2447CBC400330302 /* Frameworks */ = {
			isa = PBXFrameworksBuildPhase;
			buildActionMask = 2147483647;
			files = (
				4E6888DFD92C43F02996B940 /* Pods_flixster.framework in Frameworks */,
			);
			runOnlyForDeploymentPostprocessing = 0;
		};
/* End PBXFrameworksBuildPhase section */

/* Begin PBXGroup section */
		0DC4B228BBE110A6E7B63EE6 /* Pods */ = {
			isa = PBXGroup;
			children = (
				D176CB23399B5E2ADCDBCBB3 /* Pods-flixster.debug.xcconfig */,
				DEF83560718590AEB5095F2E /* Pods-flixster.release.xcconfig */,
			);
			path = Pods;
			sourceTree = "<group>";
		};
		338672882447CBC400330302 = {
			isa = PBXGroup;
			children = (
				338672932447CBC400330302 /* flixster */,
				338672922447CBC400330302 /* Products */,
				0DC4B228BBE110A6E7B63EE6 /* Pods */,
				F949DA9C3C952BE1EB18A776 /* Frameworks */,
			);
			sourceTree = "<group>";
		};
		338672922447CBC400330302 /* Products */ = {
			isa = PBXGroup;
			children = (
				338672912447CBC400330302 /* flixster.app */,
			);
			name = Products;
			sourceTree = "<group>";
		};
		338672932447CBC400330302 /* flixster */ = {
			isa = PBXGroup;
			children = (
				338672942447CBC400330302 /* AppDelegate.swift */,
				338672962447CBC400330302 /* SceneDelegate.swift */,
				3386729A2447CBC400330302 /* Main.storyboard */,
				3349624B244C0F3000DF859B /* MovieGridCell.swift */,
				338672A82447CBFE00330302 /* MovieViewController.swift */,
				33496249244C0B2600DF859B /* MovieGridViewController.swift */,
				33496247244C030700DF859B /* MovieDetailsViewController.swift */,
				338672AA2447CFD700330302 /* MovieCell.swift */,
				3386729D2447CBC900330302 /* Assets.xcassets */,
				3386729F2447CBC900330302 /* LaunchScreen.storyboard */,
				338672A22447CBC900330302 /* Info.plist */,
			);
			path = flixster;
			sourceTree = "<group>";
		};
		F949DA9C3C952BE1EB18A776 /* Frameworks */ = {
			isa = PBXGroup;
			children = (
				946E51A010B42AC939BBB4B3 /* Pods_flixster.framework */,
			);
			name = Frameworks;
			sourceTree = "<group>";
		};
/* End PBXGroup section */

/* Begin PBXNativeTarget section */
		338672902447CBC400330302 /* flixster */ = {
			isa = PBXNativeTarget;
			buildConfigurationList = 338672A52447CBC900330302 /* Build configuration list for PBXNativeTarget "flixster" */;
			buildPhases = (
				E58CC207D44F8159A5499365 /* [CP] Check Pods Manifest.lock */,
				3386728D2447CBC400330302 /* Sources */,
				3386728E2447CBC400330302 /* Frameworks */,
				3386728F2447CBC400330302 /* Resources */,
				87C435B6475D9B257ACE04D3 /* [CP] Embed Pods Frameworks */,
			);
			buildRules = (
			);
			dependencies = (
			);
			name = flixster;
			productName = flixster;
			productReference = 338672912447CBC400330302 /* flixster.app */;
			productType = "com.apple.product-type.application";
		};
/* End PBXNativeTarget section */

/* Begin PBXProject section */
		338672892447CBC400330302 /* Project object */ = {
			isa = PBXProject;
			attributes = {
				LastSwiftUpdateCheck = 1140;
				LastUpgradeCheck = 1140;
				ORGANIZATIONNAME = "Sohum Sheth";
				TargetAttributes = {
					338672902447CBC400330302 = {
						CreatedOnToolsVersion = 11.4;
					};
				};
			};
			buildConfigurationList = 3386728C2447CBC400330302 /* Build configuration list for PBXProject "flixster" */;
			compatibilityVersion = "Xcode 9.3";
			developmentRegion = en;
			hasScannedForEncodings = 0;
			knownRegions = (
				en,
				Base,
			);
			mainGroup = 338672882447CBC400330302;
			productRefGroup = 338672922447CBC400330302 /* Products */;
			projectDirPath = "";
			projectRoot = "";
			targets = (
				338672902447CBC400330302 /* flixster */,
			);
		};
/* End PBXProject section */

/* Begin PBXResourcesBuildPhase section */
		3386728F2447CBC400330302 /* Resources */ = {
			isa = PBXResourcesBuildPhase;
			buildActionMask = 2147483647;
			files = (
				338672A12447CBC900330302 /* LaunchScreen.storyboard in Resources */,
				3386729E2447CBC900330302 /* Assets.xcassets in Resources */,
				3386729C2447CBC400330302 /* Main.storyboard in Resources */,
			);
			runOnlyForDeploymentPostprocessing = 0;
		};
/* End PBXResourcesBuildPhase section */

/* Begin PBXShellScriptBuildPhase section */
		87C435B6475D9B257ACE04D3 /* [CP] Embed Pods Frameworks */ = {
			isa = PBXShellScriptBuildPhase;
			buildActionMask = 2147483647;
			files = (
			);
			inputFileListPaths = (
				"${PODS_ROOT}/Target Support Files/Pods-flixster/Pods-flixster-frameworks-${CONFIGURATION}-input-files.xcfilelist",
			);
			name = "[CP] Embed Pods Frameworks";
			outputFileListPaths = (
				"${PODS_ROOT}/Target Support Files/Pods-flixster/Pods-flixster-frameworks-${CONFIGURATION}-output-files.xcfilelist",
			);
			runOnlyForDeploymentPostprocessing = 0;
			shellPath = /bin/sh;
			shellScript = "\"${PODS_ROOT}/Target Support Files/Pods-flixster/Pods-flixster-frameworks.sh\"\n";
			showEnvVarsInLog = 0;
		};
		E58CC207D44F8159A5499365 /* [CP] Check Pods Manifest.lock */ = {
			isa = PBXShellScriptBuildPhase;
			buildActionMask = 2147483647;
			files = (
			);
			inputFileListPaths = (
			);
			inputPaths = (
				"${PODS_PODFILE_DIR_PATH}/Podfile.lock",
				"${PODS_ROOT}/Manifest.lock",
			);
			name = "[CP] Check Pods Manifest.lock";
			outputFileListPaths = (
			);
			outputPaths = (
				"$(DERIVED_FILE_DIR)/Pods-flixster-checkManifestLockResult.txt",
			);
			runOnlyForDeploymentPostprocessing = 0;
			shellPath = /bin/sh;
			shellScript = "diff \"${PODS_PODFILE_DIR_PATH}/Podfile.lock\" \"${PODS_ROOT}/Manifest.lock\" > /dev/null\nif [ $? != 0 ] ; then\n    # print error to STDERR\n    echo \"error: The sandbox is not in sync with the Podfile.lock. Run 'pod install' or update your CocoaPods installation.\" >&2\n    exit 1\nfi\n# This output is used by Xcode 'outputs' to avoid re-running this script phase.\necho \"SUCCESS\" > \"${SCRIPT_OUTPUT_FILE_0}\"\n";
			showEnvVarsInLog = 0;
		};
/* End PBXShellScriptBuildPhase section */

/* Begin PBXSourcesBuildPhase section */
		3386728D2447CBC400330302 /* Sources */ = {
			isa = PBXSourcesBuildPhase;
			buildActionMask = 2147483647;
			files = (
				33496248244C030700DF859B /* MovieDetailsViewController.swift in Sources */,
				338672952447CBC400330302 /* AppDelegate.swift in Sources */,
				338672972447CBC400330302 /* SceneDelegate.swift in Sources */,
				338672AB2447CFD700330302 /* MovieCell.swift in Sources */,
				338672A92447CBFE00330302 /* MovieViewController.swift in Sources */,
				3349624A244C0B2600DF859B /* MovieGridViewController.swift in Sources */,
				3349624C244C0F3000DF859B /* MovieGridCell.swift in Sources */,
			);
			runOnlyForDeploymentPostprocessing = 0;
		};
/* End PBXSourcesBuildPhase section */

/* Begin PBXVariantGroup section */
		3386729A2447CBC400330302 /* Main.storyboard */ = {
			isa = PBXVariantGroup;
			children = (
				3386729B2447CBC400330302 /* Base */,
			);
			name = Main.storyboard;
			sourceTree = "<group>";
		};
		3386729F2447CBC900330302 /* LaunchScreen.storyboard */ = {
			isa = PBXVariantGroup;
			children = (
				338672A02447CBC900330302 /* Base */,
			);
			name = LaunchScreen.storyboard;
			sourceTree = "<group>";
		};
/* End PBXVariantGroup section */

/* Begin XCBuildConfiguration section */
		338672A32447CBC900330302 /* Debug */ = {
			isa = XCBuildConfiguration;
			buildSettings = {
				ALWAYS_SEARCH_USER_PATHS = NO;
				CLANG_ANALYZER_NONNULL = YES;
				CLANG_ANALYZER_NUMBER_OBJECT_CONVERSION = YES_AGGRESSIVE;
				CLANG_CXX_LANGUAGE_STANDARD = "gnu++14";
				CLANG_CXX_LIBRARY = "libc++";
				CLANG_ENABLE_MODULES = YES;
				CLANG_ENABLE_OBJC_ARC = YES;
				CLANG_ENABLE_OBJC_WEAK = YES;
				CLANG_WARN_BLOCK_CAPTURE_AUTORELEASING = YES;
				CLANG_WARN_BOOL_CONVERSION = YES;
				CLANG_WARN_COMMA = YES;
				CLANG_WARN_CONSTANT_CONVERSION = YES;
				CLANG_WARN_DEPRECATED_OBJC_IMPLEMENTATIONS = YES;
				CLANG_WARN_DIRECT_OBJC_ISA_USAGE = YES_ERROR;
				CLANG_WARN_DOCUMENTATION_COMMENTS = YES;
				CLANG_WARN_EMPTY_BODY = YES;
				CLANG_WARN_ENUM_CONVERSION = YES;
				CLANG_WARN_INFINITE_RECURSION = YES;
				CLANG_WARN_INT_CONVERSION = YES;
				CLANG_WARN_NON_LITERAL_NULL_CONVERSION = YES;
				CLANG_WARN_OBJC_IMPLICIT_RETAIN_SELF = YES;
				CLANG_WARN_OBJC_LITERAL_CONVERSION = YES;
				CLANG_WARN_OBJC_ROOT_CLASS = YES_ERROR;
				CLANG_WARN_RANGE_LOOP_ANALYSIS = YES;
				CLANG_WARN_STRICT_PROTOTYPES = YES;
				CLANG_WARN_SUSPICIOUS_MOVE = YES;
				CLANG_WARN_UNGUARDED_AVAILABILITY = YES_AGGRESSIVE;
				CLANG_WARN_UNREACHABLE_CODE = YES;
				CLANG_WARN__DUPLICATE_METHOD_MATCH = YES;
				COPY_PHASE_STRIP = NO;
				DEBUG_INFORMATION_FORMAT = dwarf;
				ENABLE_STRICT_OBJC_MSGSEND = YES;
				ENABLE_TESTABILITY = YES;
				GCC_C_LANGUAGE_STANDARD = gnu11;
				GCC_DYNAMIC_NO_PIC = NO;
				GCC_NO_COMMON_BLOCKS = YES;
				GCC_OPTIMIZATION_LEVEL = 0;
				GCC_PREPROCESSOR_DEFINITIONS = (
					"DEBUG=1",
					"$(inherited)",
				);
				GCC_WARN_64_TO_32_BIT_CONVERSION = YES;
				GCC_WARN_ABOUT_RETURN_TYPE = YES_ERROR;
				GCC_WARN_UNDECLARED_SELECTOR = YES;
				GCC_WARN_UNINITIALIZED_AUTOS = YES_AGGRESSIVE;
				GCC_WARN_UNUSED_FUNCTION = YES;
				GCC_WARN_UNUSED_VARIABLE = YES;
				IPHONEOS_DEPLOYMENT_TARGET = 13.4;
				MTL_ENABLE_DEBUG_INFO = INCLUDE_SOURCE;
				MTL_FAST_MATH = YES;
				ONLY_ACTIVE_ARCH = YES;
				SDKROOT = iphoneos;
				SWIFT_ACTIVE_COMPILATION_CONDITIONS = DEBUG;
				SWIFT_OPTIMIZATION_LEVEL = "-Onone";
			};
			name = Debug;
		};
		338672A42447CBC900330302 /* Release */ = {
			isa = XCBuildConfiguration;
			buildSettings = {
				ALWAYS_SEARCH_USER_PATHS = NO;
				CLANG_ANALYZER_NONNULL = YES;
				CLANG_ANALYZER_NUMBER_OBJECT_CONVERSION = YES_AGGRESSIVE;
				CLANG_CXX_LANGUAGE_STANDARD = "gnu++14";
				CLANG_CXX_LIBRARY = "libc++";
				CLANG_ENABLE_MODULES = YES;
				CLANG_ENABLE_OBJC_ARC = YES;
				CLANG_ENABLE_OBJC_WEAK = YES;
				CLANG_WARN_BLOCK_CAPTURE_AUTORELEASING = YES;
				CLANG_WARN_BOOL_CONVERSION = YES;
				CLANG_WARN_COMMA = YES;
				CLANG_WARN_CONSTANT_CONVERSION = YES;
				CLANG_WARN_DEPRECATED_OBJC_IMPLEMENTATIONS = YES;
				CLANG_WARN_DIRECT_OBJC_ISA_USAGE = YES_ERROR;
				CLANG_WARN_DOCUMENTATION_COMMENTS = YES;
				CLANG_WARN_EMPTY_BODY = YES;
				CLANG_WARN_ENUM_CONVERSION = YES;
				CLANG_WARN_INFINITE_RECURSION = YES;
				CLANG_WARN_INT_CONVERSION = YES;
				CLANG_WARN_NON_LITERAL_NULL_CONVERSION = YES;
				CLANG_WARN_OBJC_IMPLICIT_RETAIN_SELF = YES;
				CLANG_WARN_OBJC_LITERAL_CONVERSION = YES;
				CLANG_WARN_OBJC_ROOT_CLASS = YES_ERROR;
				CLANG_WARN_RANGE_LOOP_ANALYSIS = YES;
				CLANG_WARN_STRICT_PROTOTYPES = YES;
				CLANG_WARN_SUSPICIOUS_MOVE = YES;
				CLANG_WARN_UNGUARDED_AVAILABILITY = YES_AGGRESSIVE;
				CLANG_WARN_UNREACHABLE_CODE = YES;
				CLANG_WARN__DUPLICATE_METHOD_MATCH = YES;
				COPY_PHASE_STRIP = NO;
				DEBUG_INFORMATION_FORMAT = "dwarf-with-dsym";
				ENABLE_NS_ASSERTIONS = NO;
				ENABLE_STRICT_OBJC_MSGSEND = YES;
				GCC_C_LANGUAGE_STANDARD = gnu11;
				GCC_NO_COMMON_BLOCKS = YES;
				GCC_WARN_64_TO_32_BIT_CONVERSION = YES;
				GCC_WARN_ABOUT_RETURN_TYPE = YES_ERROR;
				GCC_WARN_UNDECLARED_SELECTOR = YES;
				GCC_WARN_UNINITIALIZED_AUTOS = YES_AGGRESSIVE;
				GCC_WARN_UNUSED_FUNCTION = YES;
				GCC_WARN_UNUSED_VARIABLE = YES;
				IPHONEOS_DEPLOYMENT_TARGET = 13.4;
				MTL_ENABLE_DEBUG_INFO = NO;
				MTL_FAST_MATH = YES;
				SDKROOT = iphoneos;
				SWIFT_COMPILATION_MODE = wholemodule;
				SWIFT_OPTIMIZATION_LEVEL = "-O";
				VALIDATE_PRODUCT = YES;
			};
			name = Release;
		};
		338672A62447CBC900330302 /* Debug */ = {
			isa = XCBuildConfiguration;
			baseConfigurationReference = D176CB23399B5E2ADCDBCBB3 /* Pods-flixster.debug.xcconfig */;
			buildSettings = {
				ASSETCATALOG_COMPILER_APPICON_NAME = AppIcon;
				CODE_SIGN_STYLE = Automatic;
				INFOPLIST_FILE = flixster/Info.plist;
				LD_RUNPATH_SEARCH_PATHS = (
					"$(inherited)",
					"@executable_path/Frameworks",
				);
				PRODUCT_BUNDLE_IDENTIFIER = com.sohumsheth.flixster;
				PRODUCT_NAME = "$(TARGET_NAME)";
				SWIFT_VERSION = 5.0;
				TARGETED_DEVICE_FAMILY = "1,2";
			};
			name = Debug;
		};
		338672A72447CBC900330302 /* Release */ = {
			isa = XCBuildConfiguration;
			baseConfigurationReference = DEF83560718590AEB5095F2E /* Pods-flixster.release.xcconfig */;
			buildSettings = {
				ASSETCATALOG_COMPILER_APPICON_NAME = AppIcon;
				CODE_SIGN_STYLE = Automatic;
				INFOPLIST_FILE = flixster/Info.plist;
				LD_RUNPATH_SEARCH_PATHS = (
					"$(inherited)",
					"@executable_path/Frameworks",
				);
				PRODUCT_BUNDLE_IDENTIFIER = com.sohumsheth.flixster;
				PRODUCT_NAME = "$(TARGET_NAME)";
				SWIFT_VERSION = 5.0;
				TARGETED_DEVICE_FAMILY = "1,2";
			};
			name = Release;
		};
/* End XCBuildConfiguration section */

/* Begin XCConfigurationList section */
		3386728C2447CBC400330302 /* Build configuration list for PBXProject "flixster" */ = {
			isa = XCConfigurationList;
			buildConfigurations = (
				338672A32447CBC900330302 /* Debug */,
				338672A42447CBC900330302 /* Release */,
			);
			defaultConfigurationIsVisible = 0;
			defaultConfigurationName = Release;
		};
		338672A52447CBC900330302 /* Build configuration list for PBXNativeTarget "flixster" */ = {
			isa = XCConfigurationList;
			buildConfigurations = (
				338672A62447CBC900330302 /* Debug */,
				338672A72447CBC900330302 /* Release */,
			);
			defaultConfigurationIsVisible = 0;
			defaultConfigurationName = Release;
		};
/* End XCConfigurationList section */
	};
	rootObject = 338672892447CBC400330302 /* Project object */;
}
